{
  "name": "fixture-nextjs-noise",
  "version": "0.1.0",
  "lockfileVersion": 3,
  "packages": {
    "node_modules/next": {
      "version": "15.0.0",
      "resolved": "https://registry.npmjs.org/next/-/next-15.0.0.tgz",
      "integrity": "sha512-abcdefghijklmnopqrstuvwxyzABCDEFGHIJKLMNOPQRSTUVWXYZ0123456789+/AbCdEfGhIjKlMnOpQrStUvWxYz=="
    },
    "node_modules/react": {
      "version": "18.3.1",
      "resolved": "https://registry.npmjs.org/react/-/react-18.3.1.tgz",
      "integrity": "sha512-QRSTUVWXYZ0123456789abcdefghijklmnopqrstuvwxyzABCDEFGHIJKLMNOPnQrStUvWxYzAbCdEfGhIjKlMnOpQr=="
    }
  }
}
